# @generated - this file is auto-generated by `mise lock` https://mise.jdx.dev/dev-tools/mise-lock.html

[[tools.actionlint]]
version = "1.7.12"
backend = "aqua:rhysd/actionlint"

[tools.actionlint."platforms.linux-arm64"]
checksum = "sha256:325e971b6ba9bfa504672e29be93c24981eeb1c07576d730e9f7c8805afff0c6"
url = "https://github.com/rhysd/actionlint/releases/download/v1.7.12/actionlint_1.7.12_linux_arm64.tar.gz"
url_api = "https://api.github.com/repos/rhysd/actionlint/releases/assets/384924897"
provenance = "github-attestations"

[tools.actionlint."platforms.linux-x64"]
checksum = "sha256:8aca8db96f1b94770f1b0d72b6dddcb1ebb8123cb3712530b08cc387b349a3d8"
url = "https://github.com/rhysd/actionlint/releases/download/v1.7.12/actionlint_1.7.12_linux_amd64.tar.gz"
url_api = "https://api.github.com/repos/rhysd/actionlint/releases/assets/384924896"
provenance = "github-attestations"

[tools.actionlint."platforms.macos-arm64"]
checksum = "sha256:aba9ced2dee8d27fecca3dc7feb1a7f9a52caefa1eb46f3271ea66b6e0e6953f"
url = "https://github.com/rhysd/actionlint/releases/download/v1.7.12/actionlint_1.7.12_darwin_arm64.tar.gz"
url_api = "https://api.github.com/repos/rhysd/actionlint/releases/assets/384924893"
provenance = "github-attestations"

[tools.actionlint."platforms.macos-x64"]
checksum = "sha256:5b44c3bc2255115c9b69e30efc0fecdf498fdb63c5d58e17084fd5f16324c644"
url = "https://github.com/rhysd/actionlint/releases/download/v1.7.12/actionlint_1.7.12_darwin_amd64.tar.gz"
url_api = "https://api.github.com/repos/rhysd/actionlint/releases/assets/384924880"
provenance = "github-attestations"

[tools.actionlint."platforms.windows-x64"]
checksum = "sha256:6e7241b51e6817ea6a047693d8e6fed13b31819c9a0dd6c5a726e1592d22f6e9"
url = "https://github.com/rhysd/actionlint/releases/download/v1.7.12/actionlint_1.7.12_windows_amd64.zip"
url_api = "https://api.github.com/repos/rhysd/actionlint/releases/assets/384924919"
provenance = "github-attestations"

[[tools.biome]]
version = "2.5.5"
backend = "aqua:biomejs/biome"

[tools.biome."platforms.linux-arm64"]
checksum = "sha256:836d16eea672a4e92966e019582f606ef4a687496abbf6d547f31a5ef8a33548"
url = "https://github.com/biomejs/biome/releases/download/%40biomejs/biome%402.5.5/biome-linux-arm64"
url_api = "https://api.github.com/repos/biomejs/biome/releases/assets/484416084"
provenance = "github-attestations"

[tools.biome."platforms.linux-x64"]
checksum = "sha256:12ecb833102c8bf8ab6ede7ecd5b6e6fc76e8af95b3ef356933a1f5330afc028"
url = "https://github.com/biomejs/biome/releases/download/%40biomejs/biome%402.5.5/biome-linux-x64"
url_api = "https://api.github.com/repos/biomejs/biome/releases/assets/484416085"
provenance = "github-attestations"

[tools.biome."platforms.macos-arm64"]
checksum = "sha256:6072d68d3a4faf74c2802c106654904f2052f85675a3d1632213dd977a4b64bb"
url = "https://github.com/biomejs/biome/releases/download/%40biomejs/biome%402.5.5/biome-darwin-arm64"
url_api = "https://api.github.com/repos/biomejs/biome/releases/assets/484416090"
provenance = "github-attestations"

[tools.biome."platforms.macos-x64"]
checksum = "sha256:81f7f09a1ffacd225a65a29e2506ad02013b95964e684554cc5cc7ae9db005b4"
url = "https://github.com/biomejs/biome/releases/download/%40biomejs/biome%402.5.5/biome-darwin-x64"
url_api = "https://api.github.com/repos/biomejs/biome/releases/assets/484416089"
provenance = "github-attestations"

[tools.biome."platforms.windows-x64"]
checksum = "sha256:f24c77f79d02dff42bfa4ee62e31b0522754d87eaaa3202435c7126cdb30ebd2"
url = "https://github.com/biomejs/biome/releases/download/%40biomejs/biome%402.5.5/biome-win32-x64.exe"
url_api = "https://api.github.com/repos/biomejs/biome/releases/assets/484416083"
provenance = "github-attestations"

[[tools.chezmoi]]
version = "2.70.5"
backend = "aqua:twpayne/chezmoi"

[tools.chezmoi."platforms.linux-arm64"]
checksum = "sha256:4f4f31d0a10ed3b955e814a5ae20075426e27c9d3a09f536bfa4a6c8718353f2"
url = "https://github.com/twpayne/chezmoi/releases/download/v2.70.5/chezmoi_2.70.5_linux_arm64.tar.gz"
url_api = "https://api.github.com/repos/twpayne/chezmoi/releases/assets/437664058"

[tools.chezmoi."platforms.linux-x64"]
checksum = "sha256:6a76a0ac3718f0d45b34b4b57067f9556f8f6042e3da710a3c496838362aca14"
url = "https://github.com/twpayne/chezmoi/releases/download/v2.70.5/chezmoi_2.70.5_linux_amd64.tar.gz"
url_api = "https://api.github.com/repos/twpayne/chezmoi/releases/assets/437663993"

[tools.chezmoi."platforms.macos-arm64"]
checksum = "sha256:c3531896769175089b9b2e9cf99b15a2357427f776289b66583a2432d69cd3cc"
url = "https://github.com/twpayne/chezmoi/releases/download/v2.70.5/chezmoi_2.70.5_darwin_arm64.tar.gz"
url_api = "https://api.github.com/repos/twpayne/chezmoi/releases/assets/437664008"

[tools.chezmoi."platforms.macos-x64"]
checksum = "sha256:6676e06f094e5b0860bd3642d203b71869b5cbeb8089155886bc54c1096b9d3c"
url = "https://github.com/twpayne/chezmoi/releases/download/v2.70.5/chezmoi_2.70.5_darwin_amd64.tar.gz"
url_api = "https://api.github.com/repos/twpayne/chezmoi/releases/assets/437663975"

[tools.chezmoi."platforms.windows-x64"]
checksum = "sha256:ebc29455dc9106e8d2d980708b45bd3120e44c7d5e6a06787ff307faaa0681a8"
url = "https://github.com/twpayne/chezmoi/releases/download/v2.70.5/chezmoi_2.70.5_windows_amd64.zip"
url_api = "https://api.github.com/repos/twpayne/chezmoi/releases/assets/437663978"

[[tools.claude]]
version = "2.1.238"
backend = "http:claude"

[tools.claude."platforms.linux-arm64"]
checksum = "sha256:28d736120a6b14c5eae1ad1470e73371818c9c2fa41e0b3c7040207aa2d4edee"
url = "https://storage.googleapis.com/claude-code-dist-86c565f3-f756-42ad-8dfa-d59b1c096819/claude-code-releases/2.1.238/linux-arm64/claude"

[tools.claude."platforms.linux-x64"]
checksum = "sha256:0933b286cf94e1b2504b35ac165ab76b8f822735d53371c56393988c23040d58"
url = "https://storage.googleapis.com/claude-code-dist-86c565f3-f756-42ad-8dfa-d59b1c096819/claude-code-releases/2.1.238/linux-x64/claude"

[tools.claude."platforms.macos-arm64"]
checksum = "sha256:1c196c456373b57818ae87df84aecee96cb659448c0d6a6bbb401ac5758431b2"
url = "https://storage.googleapis.com/claude-code-dist-86c565f3-f756-42ad-8dfa-d59b1c096819/claude-code-releases/2.1.238/darwin-arm64/claude"

[tools.claude."platforms.macos-x64"]
checksum = "sha256:d10bc7bb1720435f8830aa3ee74085f09348d2b1a2a152bdee251b770d76cc73"
url = "https://storage.googleapis.com/claude-code-dist-86c565f3-f756-42ad-8dfa-d59b1c096819/claude-code-releases/2.1.238/darwin-x64/claude"

[tools.claude."platforms.windows-x64"]
checksum = "sha256:223bc058b5aef48138876e28de5d00387e4fd7362a18e733143bf00819c01aab"
url = "https://storage.googleapis.com/claude-code-dist-86c565f3-f756-42ad-8dfa-d59b1c096819/claude-code-releases/2.1.238/win32-x64/claude.exe"

[[tools.codex]]
version = "0.149.0"
backend = "aqua:openai/codex"

[tools.codex."platforms.linux-arm64"]
checksum = "sha256:dac03e4db966e94f7083b9eb9f95d8b40da9d568fd2fdbb6885b0ea7d5b0d97f"
url = "https://github.com/openai/codex/releases/download/rust-v0.149.0/codex-package-aarch64-unknown-linux-musl.tar.gz"
url_api = "https://api.github.com/repos/openai/codex/releases/assets/522789114"

[tools.codex."platforms.linux-x64"]
checksum = "sha256:1c08ba262820b78d49ea7a93f326b6b430b72e5fe46830e433edef12e5123244"
url = "https://github.com/openai/codex/releases/download/rust-v0.149.0/codex-package-x86_64-unknown-linux-musl.tar.gz"
url_api = "https://api.github.com/repos/openai/codex/releases/assets/522789085"

[tools.codex."platforms.macos-arm64"]
checksum = "sha256:6c7589a52fe90e3742e35662115a4c55c39715601df0d41345ba8ec8f4221d4e"
url = "https://github.com/openai/codex/releases/download/rust-v0.149.0/codex-package-aarch64-apple-darwin.tar.gz"
url_api = "https://api.github.com/repos/openai/codex/releases/assets/522789134"

[tools.codex."platforms.macos-x64"]
checksum = "sha256:ba332e647cc898e3b4e86a3bc6e8db414a124eb88d8480f4707bbc66b0432f9d"
url = "https://github.com/openai/codex/releases/download/rust-v0.149.0/codex-package-x86_64-apple-darwin.tar.gz"
url_api = "https://api.github.com/repos/openai/codex/releases/assets/522789003"

[tools.codex."platforms.windows-x64"]
checksum = "sha256:bc470b4b90654c38ee52716056d6d5fc19a49afd08f419328034f4f324536459"
url = "https://github.com/openai/codex/releases/download/rust-v0.149.0/codex-package-x86_64-pc-windows-msvc.tar.gz"
url_api = "https://api.github.com/repos/openai/codex/releases/assets/522789078"

[[tools.fd]]
version = "10.4.2"
backend = "aqua:sharkdp/fd"

[tools.fd."platforms.linux-arm64"]
checksum = "sha256:f32d3657473fba74e2600babc8db0b93420d51169223b7e8143b2ed55d8fd9e8"
url = "https://github.com/sharkdp/fd/releases/download/v10.4.2/fd-v10.4.2-aarch64-unknown-linux-musl.tar.gz"
url_api = "https://api.github.com/repos/sharkdp/fd/releases/assets/370662859"

[tools.fd."platforms.linux-x64"]
checksum = "sha256:e3257d48e29a6be965187dbd24ce9af564e0fe67b3e73c9bdcd180f4ec11bdde"
url = "https://github.com/sharkdp/fd/releases/download/v10.4.2/fd-v10.4.2-x86_64-unknown-linux-musl.tar.gz"
url_api = "https://api.github.com/repos/sharkdp/fd/releases/assets/370662855"

[tools.fd."platforms.macos-arm64"]
checksum = "sha256:623dc0afc81b92e4d4606b380d7bc91916ba7b97814263e554d50923a39e480a"
url = "https://github.com/sharkdp/fd/releases/download/v10.4.2/fd-v10.4.2-aarch64-apple-darwin.tar.gz"
url_api = "https://api.github.com/repos/sharkdp/fd/releases/assets/370661116"

[tools.fd."platforms.windows-x64"]
checksum = "sha256:b2816e506390a89941c63c9187d58a3cc10e9a55f2ef0685f9ea0eccaf7c98c8"
url = "https://github.com/sharkdp/fd/releases/download/v10.4.2/fd-v10.4.2-x86_64-pc-windows-msvc.zip"
url_api = "https://api.github.com/repos/sharkdp/fd/releases/assets/370661516"

[[tools.github-cli]]
version = "2.96.0"
backend = "aqua:cli/cli"

[tools.github-cli."platforms.linux-arm64"]
checksum = "sha256:06f86ec7103d41993b76cd78072f43595c34aaa56506d971d9860e67140bf909"
url = "https://github.com/cli/cli/releases/download/v2.96.0/gh_2.96.0_linux_arm64.tar.gz"
url_api = "https://api.github.com/repos/cli/cli/releases/assets/464728549"
provenance = "github-attestations"

[tools.github-cli."platforms.linux-x64"]
checksum = "sha256:83d5c2ccad5498f58bf6368acb1ab32588cf43ab3a4b1c301bf36328b1c8bd60"
url = "https://github.com/cli/cli/releases/download/v2.96.0/gh_2.96.0_linux_amd64.tar.gz"
url_api = "https://api.github.com/repos/cli/cli/releases/assets/464728543"
provenance = "github-attestations"

[tools.github-cli."platforms.macos-arm64"]
checksum = "sha256:f23a0c37d963aacc3bed703ccbd59b41c5ca22101fab7f00eb2b7cad23aba463"
url = "https://github.com/cli/cli/releases/download/v2.96.0/gh_2.96.0_macOS_arm64.zip"
url_api = "https://api.github.com/repos/cli/cli/releases/assets/464728562"
provenance = "github-attestations"

[tools.github-cli."platforms.macos-x64"]
checksum = "sha256:4bd449df9ad639391bc62b8032546f0fe9edcd8526e06682a4f88abd8c5d163c"
url = "https://github.com/cli/cli/releases/download/v2.96.0/gh_2.96.0_macOS_amd64.zip"
url_api = "https://api.github.com/repos/cli/cli/releases/assets/464728560"
provenance = "github-attestations"

[tools.github-cli."platforms.windows-x64"]
checksum = "sha256:c2d6acc935cd2f00e2144d7e036d5cd82e6b6bd5594e8c75aa75ef2a4ed6aac3"
url = "https://github.com/cli/cli/releases/download/v2.96.0/gh_2.96.0_windows_amd64.zip"
url_api = "https://api.github.com/repos/cli/cli/releases/assets/464728577"
provenance = "github-attestations"

[[tools.jj]]
version = "0.43.0"
backend = "aqua:jj-vcs/jj"

[tools.jj."platforms.linux-arm64"]
checksum = "sha256:289197b6bec60b4e57d47260624b617716f737eb02cdfd9155791b2576aa5862"
url = "https://github.com/jj-vcs/jj/releases/download/v0.43.0/jj-v0.43.0-aarch64-unknown-linux-musl.tar.gz"
url_api = "https://api.github.com/repos/jj-vcs/jj/releases/assets/463825313"

[tools.jj."platforms.linux-x64"]
checksum = "sha256:59e5588583ac82b623239929368c65b90735931c0f26b5a16c1f04d5bb97643d"
url = "https://github.com/jj-vcs/jj/releases/download/v0.43.0/jj-v0.43.0-x86_64-unknown-linux-musl.tar.gz"
url_api = "https://api.github.com/repos/jj-vcs/jj/releases/assets/463825498"

[tools.jj."platforms.macos-arm64"]
checksum = "sha256:84336bbe5673a36ccc6395c494021ba632794da078eb8c8c513a60f8e1cc3083"
url = "https://github.com/jj-vcs/jj/releases/download/v0.43.0/jj-v0.43.0-aarch64-apple-darwin.tar.gz"
url_api = "https://api.github.com/repos/jj-vcs/jj/releases/assets/463826329"

[tools.jj."platforms.macos-x64"]
checksum = "sha256:f1a7fec046b816132318c07a9c096680f7aae78b008709c7166a57efd9c579ec"
url = "https://github.com/jj-vcs/jj/releases/download/v0.43.0/jj-v0.43.0-x86_64-apple-darwin.tar.gz"
url_api = "https://api.github.com/repos/jj-vcs/jj/releases/assets/463825063"

[tools.jj."platforms.windows-x64"]
checksum = "sha256:582f63e55310eaa397782fcb528c3feff5b943a4e2db70666d105972a381f80e"
url = "https://github.com/jj-vcs/jj/releases/download/v0.43.0/jj-v0.43.0-x86_64-pc-windows-msvc.zip"
url_api = "https://api.github.com/repos/jj-vcs/jj/releases/assets/463827027"

[[tools.jq]]
version = "1.8.2"
backend = "aqua:jqlang/jq"

[tools.jq."platforms.linux-arm64"]
checksum = "sha256:8b85c817833814ddca00a144c33705546355afccf0cf39b188f3cdb48b852309"
url = "https://github.com/jqlang/jq/releases/download/jq-1.8.2/jq-linux-arm64"
url_api = "https://api.github.com/repos/jqlang/jq/releases/assets/453012756"
provenance = "github-attestations"

[tools.jq."platforms.linux-x64"]
checksum = "sha256:b1c22172dd303f3be49e935aa56aa48a8b7a46e0bc838b4997d3bb451495870f"
url = "https://github.com/jqlang/jq/releases/download/jq-1.8.2/jq-linux-amd64"
url_api = "https://api.github.com/repos/jqlang/jq/releases/assets/453012752"
provenance = "github-attestations"

[tools.jq."platforms.macos-arm64"]
checksum = "sha256:2d75340ba57a4b4b4c8708a21c2dc8e958a48aaa8bba13b27f77f6e4c0eca07e"
url = "https://github.com/jqlang/jq/releases/download/jq-1.8.2/jq-macos-arm64"
url_api = "https://api.github.com/repos/jqlang/jq/releases/assets/453012783"
provenance = "github-attestations"

[tools.jq."platforms.macos-x64"]
checksum = "sha256:e94b266e3c26690550006abe63152b782280f4e14374accdf04cbde844f00bc0"
url = "https://github.com/jqlang/jq/releases/download/jq-1.8.2/jq-macos-amd64"
url_api = "https://api.github.com/repos/jqlang/jq/releases/assets/453012782"
provenance = "github-attestations"

[tools.jq."platforms.windows-x64"]
checksum = "sha256:a6fc67fedaf9128a3309a1e2ebb8b986aeccf70122ee46d2cb4849e423f0c627"
url = "https://github.com/jqlang/jq/releases/download/jq-1.8.2/jq-windows-amd64.exe"
url_api = "https://api.github.com/repos/jqlang/jq/releases/assets/453012788"
provenance = "github-attestations"

[[tools.node]]
version = "24.13.1"
backend = "core:node"

[tools.node."platforms.linux-arm64"]
checksum = "sha256:4873459d7c9b28feaa1f0fade9bb9c81cb702670991ff80a51d805325c5e3456"
url = "https://nodejs.org/dist/v24.13.1/node-v24.13.1-linux-arm64.tar.gz"

[tools.node."platforms.linux-x64"]
checksum = "sha256:7ad28fb172a9ab0593f86c1a39e5c268d0d8fc3d6cb0167f455b5655a7a6e2fd"
url = "https://nodejs.org/dist/v24.13.1/node-v24.13.1-linux-x64.tar.gz"

[tools.node."platforms.macos-arm64"]
checksum = "sha256:8c039d59f2fec6195e4281ad5b0d02b9a940897b4df7b849c6fb48be6787bba6"
url = "https://nodejs.org/dist/v24.13.1/node-v24.13.1-darwin-arm64.tar.gz"

[tools.node."platforms.macos-x64"]
checksum = "sha256:527f0578d9812e7dfa225121bda0b1546a6a0e4b5f556295fc8299c272de5fbf"
url = "https://nodejs.org/dist/v24.13.1/node-v24.13.1-darwin-x64.tar.gz"

[tools.node."platforms.windows-x64"]
checksum = "sha256:fba577c4bb87df04d54dd87bbdaa5a2272f1f99a2acbf9152e1a91b8b5f0b279"
url = "https://nodejs.org/dist/v24.13.1/node-v24.13.1-win-x64.zip"

[[tools.pnpm]]
version = "9.0.4"
backend = "aqua:pnpm/pnpm"

[tools.pnpm."platforms.linux-arm64"]
url = "https://github.com/pnpm/pnpm/releases/download/v9.0.4/pnpm-linux-arm64"
url_api = "https://api.github.com/repos/pnpm/pnpm/releases/assets/162971116"

[tools.pnpm."platforms.linux-x64"]
url = "https://github.com/pnpm/pnpm/releases/download/v9.0.4/pnpm-linux-x64"
url_api = "https://api.github.com/repos/pnpm/pnpm/releases/assets/162971120"

[tools.pnpm."platforms.macos-arm64"]
url = "https://github.com/pnpm/pnpm/releases/download/v9.0.4/pnpm-macos-arm64"
url_api = "https://api.github.com/repos/pnpm/pnpm/releases/assets/162971118"

[tools.pnpm."platforms.macos-x64"]
url = "https://github.com/pnpm/pnpm/releases/download/v9.0.4/pnpm-macos-x64"
url_api = "https://api.github.com/repos/pnpm/pnpm/releases/assets/162971117"

[tools.pnpm."platforms.windows-x64"]
url = "https://github.com/pnpm/pnpm/releases/download/v9.0.4/pnpm-win-x64.exe"
url_api = "https://api.github.com/repos/pnpm/pnpm/releases/assets/162971122"

[[tools.python]]
version = "3.12.13"
backend = "core:python"

[tools.python."platforms.linux-arm64"]
checksum = "sha256:11e713ae1f969385907a76533cc554f6b2e3f1a84896009f91c3fc871034a170"
url = "https://github.com/astral-sh/python-build-standalone/releases/download/20260807/cpython-3.12.13+20260807-aarch64-unknown-linux-gnu-install_only_stripped.tar.gz"
provenance = "github-attestations"

[tools.python."platforms.linux-x64"]
checksum = "sha256:506191be3ee7bd190a8834dcdc1b3bc70aab50608deccc711935aa007239cabd"
url = "https://github.com/astral-sh/python-build-standalone/releases/download/20260807/cpython-3.12.13+20260807-x86_64-unknown-linux-gnu-install_only_stripped.tar.gz"
provenance = "github-attestations"

[tools.python."platforms.macos-arm64"]
checksum = "sha256:25baa97c65b3f0aa90e21131b4f9e80aef8899e8144006db8a9d2c1ab9e807e3"
url = "https://github.com/astral-sh/python-build-standalone/releases/download/20260807/cpython-3.12.13+20260807-aarch64-apple-darwin-install_only_stripped.tar.gz"
provenance = "github-attestations"

[tools.python."platforms.macos-x64"]
checksum = "sha256:127053f1736f721e391ddb46f07585d05756e15bb8d757d3bbc0519738998ba1"
url = "https://github.com/astral-sh/python-build-standalone/releases/download/20260807/cpython-3.12.13+20260807-x86_64-apple-darwin-install_only_stripped.tar.gz"
provenance = "github-attestations"

[tools.python."platforms.windows-x64"]
checksum = "sha256:18bcc65b17921806b72cdc88bcf000bf67a2c99a8fc381fe1629f2b9ba56858d"
url = "https://github.com/astral-sh/python-build-standalone/releases/download/20260807/cpython-3.12.13+20260807-x86_64-pc-windows-msvc-install_only_stripped.tar.gz"
provenance = "github-attestations"

[[tools.ripgrep]]
version = "15.2.0"
backend = "aqua:BurntSushi/ripgrep"

[tools.ripgrep."platforms.linux-arm64"]
checksum = "sha256:a740b91c82eaf9914cfedd353572f2791cbe0162c84101ee0951058f4dcbc90d"
url = "https://github.com/BurntSushi/ripgrep/releases/download/15.2.0/ripgrep-15.2.0-aarch64-unknown-linux-gnu.tar.gz"
url_api = "https://api.github.com/repos/BurntSushi/ripgrep/releases/assets/478119579"

[tools.ripgrep."platforms.linux-x64"]
checksum = "sha256:33e15bcf1624b25cdd2a55813a47a2f95dbe126268203e76aa6a585d1e7b149c"
url = "https://github.com/BurntSushi/ripgrep/releases/download/15.2.0/ripgrep-15.2.0-x86_64-unknown-linux-musl.tar.gz"
url_api = "https://api.github.com/repos/BurntSushi/ripgrep/releases/assets/478120097"

[tools.ripgrep."platforms.macos-arm64"]
checksum = "sha256:3750b2e93f37e0c692657da574d7019a101c0084da05a790c83fd335bad973e4"
url = "https://github.com/BurntSushi/ripgrep/releases/download/15.2.0/ripgrep-15.2.0-aarch64-apple-darwin.tar.gz"
url_api = "https://api.github.com/repos/BurntSushi/ripgrep/releases/assets/478118851"

[tools.ripgrep."platforms.macos-x64"]
checksum = "sha256:af7825fcc69a2afc7a7aea55fc9af90e26421d8f20fe59df32e233c0b8a231c1"
url = "https://github.com/BurntSushi/ripgrep/releases/download/15.2.0/ripgrep-15.2.0-x86_64-apple-darwin.tar.gz"
url_api = "https://api.github.com/repos/BurntSushi/ripgrep/releases/assets/478119585"

[tools.ripgrep."platforms.windows-x64"]
checksum = "sha256:71b2fef860abe467217a538ff31de02f5258807c0129f771846f87bd029aafc5"
url = "https://github.com/BurntSushi/ripgrep/releases/download/15.2.0/ripgrep-15.2.0-x86_64-pc-windows-msvc.zip"
url_api = "https://api.github.com/repos/BurntSushi/ripgrep/releases/assets/478119643"

[[tools.ruff]]
version = "0.16.0"
backend = "aqua:astral-sh/ruff"

[tools.ruff."platforms.linux-arm64"]
checksum = "sha256:7a6add3d38768dfa00c6d3853e9bd940b5526f3fbb76f02b1fe77ec0653f1e0e"
url = "https://github.com/astral-sh/ruff/releases/download/0.16.0/ruff-aarch64-unknown-linux-musl.tar.gz"
url_api = "https://api.github.com/repos/astral-sh/ruff/releases/assets/487540070"
provenance = "github-attestations"

[tools.ruff."platforms.linux-x64"]
checksum = "sha256:2138b7bc58ff877f5bba09aea4cc984ad5699433b6a3f811003527b8cff8e9ad"
url = "https://github.com/astral-sh/ruff/releases/download/0.16.0/ruff-x86_64-unknown-linux-musl.tar.gz"
url_api = "https://api.github.com/repos/astral-sh/ruff/releases/assets/487540129"
provenance = "github-attestations"

[tools.ruff."platforms.macos-arm64"]
checksum = "sha256:ce6564491a2cc4b0659f45ee174dbef17e4dec24e03a9c03d313b5430bc21099"
url = "https://github.com/astral-sh/ruff/releases/download/0.16.0/ruff-aarch64-apple-darwin.tar.gz"
url_api = "https://api.github.com/repos/astral-sh/ruff/releases/assets/487540064"
provenance = "github-attestations"

[tools.ruff."platforms.macos-x64"]
checksum = "sha256:3d9ef6228c4eeb26d593c398b2dc5250e0f6d6425933db2993fcf30d49c78b69"
url = "https://github.com/astral-sh/ruff/releases/download/0.16.0/ruff-x86_64-apple-darwin.tar.gz"
url_api = "https://api.github.com/repos/astral-sh/ruff/releases/assets/487540116"
provenance = "github-attestations"

[tools.ruff."platforms.windows-x64"]
checksum = "sha256:c5d1185c47261f86361d03b547da25be79120226a6f1721d623b2aba9d27668b"
url = "https://github.com/astral-sh/ruff/releases/download/0.16.0/ruff-x86_64-pc-windows-msvc.zip"
url_api = "https://api.github.com/repos/astral-sh/ruff/releases/assets/487540121"
provenance = "github-attestations"

[[tools.rust]]
version = "1.95.0"
backend = "core:rust"

[[tools.shellcheck]]
version = "0.11.0"
backend = "aqua:koalaman/shellcheck"

[tools.shellcheck."platforms.linux-arm64"]
checksum = "sha256:12b331c1d2db6b9eb13cfca64306b1b157a86eb69db83023e261eaa7e7c14588"
url = "https://github.com/koalaman/shellcheck/releases/download/v0.11.0/shellcheck-v0.11.0.linux.aarch64.tar.xz"
url_api = "https://api.github.com/repos/koalaman/shellcheck/releases/assets/279056934"

[tools.shellcheck."platforms.linux-x64"]
checksum = "sha256:8c3be12b05d5c177a04c29e3c78ce89ac86f1595681cab149b65b97c4e227198"
url = "https://github.com/koalaman/shellcheck/releases/download/v0.11.0/shellcheck-v0.11.0.linux.x86_64.tar.xz"
url_api = "https://api.github.com/repos/koalaman/shellcheck/releases/assets/279056942"

[tools.shellcheck."platforms.macos-arm64"]
checksum = "sha256:56affdd8de5527894dca6dc3d7e0a99a873b0f004d7aabc30ae407d3f48b0a79"
url = "https://github.com/koalaman/shellcheck/releases/download/v0.11.0/shellcheck-v0.11.0.darwin.aarch64.tar.xz"
url_api = "https://api.github.com/repos/koalaman/shellcheck/releases/assets/279056932"

[tools.shellcheck."platforms.macos-x64"]
checksum = "sha256:3c89db4edcab7cf1c27bff178882e0f6f27f7afdf54e859fa041fca10febe4c6"
url = "https://github.com/koalaman/shellcheck/releases/download/v0.11.0/shellcheck-v0.11.0.darwin.x86_64.tar.xz"
url_api = "https://api.github.com/repos/koalaman/shellcheck/releases/assets/279056930"

[tools.shellcheck."platforms.windows-x64"]
checksum = "sha256:8a4e35ab0b331c85d73567b12f2a444df187f483e5079ceffa6bda1faa2e740e"
url = "https://github.com/koalaman/shellcheck/releases/download/v0.11.0/shellcheck-v0.11.0.zip"
url_api = "https://api.github.com/repos/koalaman/shellcheck/releases/assets/279056944"

[[tools.shfmt]]
version = "3.13.1"
backend = "aqua:mvdan/sh"

[tools.shfmt."platforms.linux-arm64"]
checksum = "sha256:32d92acaa5cd8abb29fc49dac123dc412442d5713967819d8af2c29f1b3857c7"
url = "https://github.com/mvdan/sh/releases/download/v3.13.1/shfmt_v3.13.1_linux_arm64"
url_api = "https://api.github.com/repos/mvdan/sh/releases/assets/390322859"

[tools.shfmt."platforms.linux-x64"]
checksum = "sha256:fb096c5d1ac6beabbdbaa2874d025badb03ee07929f0c9ff67563ce8c75398b1"
url = "https://github.com/mvdan/sh/releases/download/v3.13.1/shfmt_v3.13.1_linux_amd64"
url_api = "https://api.github.com/repos/mvdan/sh/releases/assets/390322866"

[tools.shfmt."platforms.macos-arm64"]
checksum = "sha256:9680526be4a66ea1ffe988ed08af58e1400fe1e4f4aef5bd88b20bb9b3da33f8"
url = "https://github.com/mvdan/sh/releases/download/v3.13.1/shfmt_v3.13.1_darwin_arm64"
url_api = "https://api.github.com/repos/mvdan/sh/releases/assets/390322881"

[tools.shfmt."platforms.macos-x64"]
checksum = "sha256:6feedafc72915794163114f512348e2437d080d0047ef8b8fa2ec63b575f12af"
url = "https://github.com/mvdan/sh/releases/download/v3.13.1/shfmt_v3.13.1_darwin_amd64"
url_api = "https://api.github.com/repos/mvdan/sh/releases/assets/390322886"

[tools.shfmt."platforms.windows-x64"]
checksum = "sha256:60cd368533d0ad73fa86d93d5bbf95ef40587245ce684ed138c1b31557b5fe97"
url = "https://github.com/mvdan/sh/releases/download/v3.13.1/shfmt_v3.13.1_windows_amd64.exe"
url_api = "https://api.github.com/repos/mvdan/sh/releases/assets/390322844"

[[tools.uv]]
version = "0.11.32"
backend = "aqua:astral-sh/uv"

[tools.uv."platforms.linux-arm64"]
checksum = "sha256:d70cdae687feb6aad9a09fe8d686df8c8efaf69a1007fa581379a2025adc10a5"
url = "https://github.com/astral-sh/uv/releases/download/0.11.32/uv-aarch64-unknown-linux-musl.tar.gz"
url_api = "https://api.github.com/repos/astral-sh/uv/releases/assets/487747547"
provenance = "github-attestations"

[tools.uv."platforms.linux-x64"]
checksum = "sha256:1fd052f196108d87e61fc3d98fe06b4ec758c9a1eb1466a6fd1a436fe45885f2"
url = "https://github.com/astral-sh/uv/releases/download/0.11.32/uv-x86_64-unknown-linux-musl.tar.gz"
url_api = "https://api.github.com/repos/astral-sh/uv/releases/assets/487747669"
provenance = "github-attestations"

[tools.uv."platforms.macos-arm64"]
checksum = "sha256:ed336d0ba49db8ef89b2b41fffa372ce63bd032f22a56f001c265891aec32829"
url = "https://github.com/astral-sh/uv/releases/download/0.11.32/uv-aarch64-apple-darwin.tar.gz"
url_api = "https://api.github.com/repos/astral-sh/uv/releases/assets/487747526"
provenance = "github-attestations"

[tools.uv."platforms.macos-x64"]
checksum = "sha256:77f5ca26c0de20e992a3677a174fe1121ee25c36f9b1434a863f75bf077a05eb"
url = "https://github.com/astral-sh/uv/releases/download/0.11.32/uv-x86_64-apple-darwin.tar.gz"
url_api = "https://api.github.com/repos/astral-sh/uv/releases/assets/487747646"
provenance = "github-attestations"

[tools.uv."platforms.windows-x64"]
checksum = "sha256:acfde570451cfdb8689fa159a138ee805ba4e241c466432750302c86254b0984"
url = "https://github.com/astral-sh/uv/releases/download/0.11.32/uv-x86_64-pc-windows-msvc.zip"
url_api = "https://api.github.com/repos/astral-sh/uv/releases/assets/487747656"
provenance = "github-attestations"
